Microsoft Visual Studio Solution File, Format Version 12.00
# Visual Studio Version 17
VisualStudioVersion = 17.5.2.0
MinimumVisualStudioVersion = 10.0.40219.1
Project("{FAE04EC0-301F-11D3-BF4B-00C04F79EFBC}") = "Day35_JsonCookieDemo", "Day35_JsonCookieDemo.csproj", "{6E456854-CF06-BC25-275A-2F69978BB72C}"
EndProject
Global
	GlobalSection(SolutionConfigurationPlatforms) = preSolution
		Debug|Any CPU = Debug|Any CPU
		Release|Any CPU = Release|Any CPU
	EndGlobalSection
	GlobalSection(ProjectConfigurationPlatforms) = postSolution
		{6E456854-CF06-BC25-275A-2F69978BB72C}.Debug|Any CPU.ActiveCfg = Debug|Any CPU
		{6E456854-CF06-BC25-275A-2F69978BB72C}.Debug|Any CPU.Build.0 = Debug|Any CPU
		{6E456854-CF06-BC25-275A-2F69978BB72C}.Release|Any CPU.ActiveCfg = Release|Any CPU
		{6E456854-CF06-BC25-275A-2F69978BB72C}.Release|Any CPU.Build.0 = Release|Any CPU
	EndGlobalSection
	GlobalSection(SolutionProperties) = preSolution
		HideSolutionNode = FALSE
	EndGlobalSection
	GlobalSection(ExtensibilityGlobals) = postSolution
		SolutionGuid = {FA08ED0E-5BEB-4BD0-B09F-D7D38C129E23}
	EndGlobalSection
EndGlobal
